
Microsoft Visual Studio Solution File, Format Version 12.00
# Visual Studio Version 16
VisualStudioVersion = 16.0.30330.147
MinimumVisualStudioVersion = 10.0.40219.1
Project("{FAE04EC0-301F-11D3-BF4B-00C04F79EFBC}") = "OSCourseProject", "OSCourseProject\OSCourseProject.csproj", "{0B8CF60D-74DA-4215-B8CC-59592C532761}"
EndProject
Project("{FAE04EC0-301F-11D3-BF4B-00C04F79EFBC}") = "Calculations", "Calculations\Calculations.csproj", "{FAC93E03-097F-4F8A-BB61-9DD294ECEEFE}"
EndProject
Global
	GlobalSection(SolutionConfigurationPlatforms) = preSolution
		Debug|Any CPU = Debug|Any CPU
		Release|Any CPU = Release|Any CPU
	EndGlobalSection
	GlobalSection(ProjectConfigurationPlatforms) = postSolution
		{0B8CF60D-74DA-4215-B8CC-59592C532761}.Debug|Any CPU.ActiveCfg = Debug|Any CPU
		{0B8CF60D-74DA-4215-B8CC-59592C532761}.Debug|Any CPU.Build.0 = Debug|Any CPU
		{0B8CF60D-74DA-4215-B8CC-59592C532761}.Release|Any CPU.ActiveCfg = Release|Any CPU
		{0B8CF60D-74DA-4215-B8CC-59592C532761}.Release|Any CPU.Build.0 = Release|Any CPU
		{FAC93E03-097F-4F8A-BB61-9DD294ECEEFE}.Debug|Any CPU.ActiveCfg = Debug|Any CPU
		{FAC93E03-097F-4F8A-BB61-9DD294ECEEFE}.Debug|Any CPU.Build.0 = Debug|Any CPU
		{FAC93E03-097F-4F8A-BB61-9DD294ECEEFE}.Release|Any CPU.ActiveCfg = Release|Any CPU
		{FAC93E03-097F-4F8A-BB61-9DD294ECEEFE}.Release|Any CPU.Build.0 = Release|Any CPU
	EndGlobalSection
	GlobalSection(SolutionProperties) = preSolution
		HideSolutionNode = FALSE
	EndGlobalSection
	GlobalSection(ExtensibilityGlobals) = postSolution
		SolutionGuid = {4E671532-1221-4C89-AC0E-F95AF0B5C0A3}
	EndGlobalSection
EndGlobal
